
Microsoft Visual Studio Solution File, Format Version 12.00
# Visual Studio Version 16
VisualStudioVersion = 16.0.30717.126
MinimumVisualStudioVersion = 10.0.40219.1
Project("{FAE04EC0-301F-11D3-BF4B-00C04F79EFBC}") = "Tarea9PIII", "ConsoleApp3\Tarea9PIII.csproj", "{027AF6CB-7891-4EF5-92E8-68A28F15E9EE}"
EndProject
Global
	GlobalSection(SolutionConfigurationPlatforms) = preSolution
		Debug|Any CPU = Debug|Any CPU
		Release|Any CPU = Release|Any CPU
	EndGlobalSection
	GlobalSection(ProjectConfigurationPlatforms) = postSolution
		{027AF6CB-7891-4EF5-92E8-68A28F15E9EE}.Debug|Any CPU.ActiveCfg = Debug|Any CPU
		{027AF6CB-7891-4EF5-92E8-68A28F15E9EE}.Debug|Any CPU.Build.0 = Debug|Any CPU
		{027AF6CB-7891-4EF5-92E8-68A28F15E9EE}.Release|Any CPU.ActiveCfg = Release|Any CPU
		{027AF6CB-7891-4EF5-92E8-68A28F15E9EE}.Release|Any CPU.Build.0 = Release|Any CPU
	EndGlobalSection
	GlobalSection(SolutionProperties) = preSolution
		HideSolutionNode = FALSE
	EndGlobalSection
	GlobalSection(ExtensibilityGlobals) = postSolution
		SolutionGuid = {0627B40F-DDCD-401C-B6E5-022DDE7C5684}
	EndGlobalSection
EndGlobal
